
Microsoft Visual Studio Solution File, Format Version 12.00
# Visual Studio Version 16
VisualStudioVersion = 16.0.29519.87
MinimumVisualStudioVersion = 10.0.40219.1
Project("{FAE04EC0-301F-11D3-BF4B-00C04F79EFBC}") = "mvvmapp", "mvvmapp\mvvmapp.csproj", "{434013A1-5CC0-46EC-A8FC-159A40036861}"
EndProject
Project("{FAE04EC0-301F-11D3-BF4B-00C04F79EFBC}") = "mvvmApp.Dal.Abstract", "mvvmApp.Dal.Abstract\mvvmApp.Dal.Abstract.csproj", "{1F2ACBB2-1DB1-4FFB-9EDA-877E2725F2DF}"
EndProject
Project("{FAE04EC0-301F-11D3-BF4B-00C04F79EFBC}") = "mvvmApp.Bll", "mvvmApp.Bll\mvvmApp.Bll.csproj", "{C6755E9A-8BC1-45A7-911E-99F2F30BC22B}"
EndProject
Project("{FAE04EC0-301F-11D3-BF4B-00C04F79EFBC}") = "TestRepoConsoleApp", "TestRepoConsoleApp\TestRepoConsoleApp.csproj", "{02199C52-ECEB-4877-8D92-69E2823301E2}"
EndProject
Project("{FAE04EC0-301F-11D3-BF4B-00C04F79EFBC}") = "TcpServer", "TcpServer\TcpServer.csproj", "{F0D7EA37-2B44-4C37-8D0C-2F5180ACCEDF}"
EndProject
Project("{FAE04EC0-301F-11D3-BF4B-00C04F79EFBC}") = "ConsoleTcpServer", "ConsoleTcpServer\ConsoleTcpServer.csproj", "{5E3FED6F-EA8F-4D91-8194-C237952ED46F}"
EndProject
Project("{FAE04EC0-301F-11D3-BF4B-00C04F79EFBC}") = "WCFServiceLib", "WCFServiceLib\WCFServiceLib.csproj", "{51B9427C-1E2A-4670-8A2B-B9224D700A59}"
EndProject
Project("{FAE04EC0-301F-11D3-BF4B-00C04F79EFBC}") = "WcfServerConsole", "WcfServerConsole\WcfServerConsole.csproj", "{47EC6DB5-DE17-47A0-B7FA-789B9E928770}"
EndProject
Project("{FAE04EC0-301F-11D3-BF4B-00C04F79EFBC}") = "WcfServiceItem", "WcfServiceItem\WcfServiceItem.csproj", "{7F44AB30-1E46-4A6C-8359-6A6B35E6764D}"
EndProject
Global
	GlobalSection(SolutionConfigurationPlatforms) = preSolution
		Debug|Any CPU = Debug|Any CPU
		Release|Any CPU = Release|Any CPU
	EndGlobalSection
	GlobalSection(ProjectConfigurationPlatforms) = postSolution
		{434013A1-5CC0-46EC-A8FC-159A40036861}.Debug|Any CPU.ActiveCfg = Debug|Any CPU
		{434013A1-5CC0-46EC-A8FC-159A40036861}.Debug|Any CPU.Build.0 = Debug|Any CPU
		{434013A1-5CC0-46EC-A8FC-159A40036861}.Release|Any CPU.ActiveCfg = Debug|Any CPU
		{1F2ACBB2-1DB1-4FFB-9EDA-877E2725F2DF}.Debug|Any CPU.ActiveCfg = Debug|Any CPU
		{1F2ACBB2-1DB1-4FFB-9EDA-877E2725F2DF}.Debug|Any CPU.Build.0 = Debug|Any CPU
		{1F2ACBB2-1DB1-4FFB-9EDA-877E2725F2DF}.Release|Any CPU.ActiveCfg = Debug|Any CPU
		{C6755E9A-8BC1-45A7-911E-99F2F30BC22B}.Debug|Any CPU.ActiveCfg = Debug|Any CPU
		{C6755E9A-8BC1-45A7-911E-99F2F30BC22B}.Debug|Any CPU.Build.0 = Debug|Any CPU
		{C6755E9A-8BC1-45A7-911E-99F2F30BC22B}.Release|Any CPU.ActiveCfg = Debug|Any CPU
		{C6755E9A-8BC1-45A7-911E-99F2F30BC22B}.Release|Any CPU.Build.0 = Debug|Any CPU
		{02199C52-ECEB-4877-8D92-69E2823301E2}.Debug|Any CPU.ActiveCfg = Debug|Any CPU
		{02199C52-ECEB-4877-8D92-69E2823301E2}.Debug|Any CPU.Build.0 = Debug|Any CPU
		{02199C52-ECEB-4877-8D92-69E2823301E2}.Release|Any CPU.ActiveCfg = Release|Any CPU
		{02199C52-ECEB-4877-8D92-69E2823301E2}.Release|Any CPU.Build.0 = Release|Any CPU
		{F0D7EA37-2B44-4C37-8D0C-2F5180ACCEDF}.Debug|Any CPU.ActiveCfg = Debug|Any CPU
		{F0D7EA37-2B44-4C37-8D0C-2F5180ACCEDF}.Debug|Any CPU.Build.0 = Debug|Any CPU
		{F0D7EA37-2B44-4C37-8D0C-2F5180ACCEDF}.Release|Any CPU.ActiveCfg = Release|Any CPU
		{F0D7EA37-2B44-4C37-8D0C-2F5180ACCEDF}.Release|Any CPU.Build.0 = Release|Any CPU
		{5E3FED6F-EA8F-4D91-8194-C237952ED46F}.Debug|Any CPU.ActiveCfg = Debug|Any CPU
		{5E3FED6F-EA8F-4D91-8194-C237952ED46F}.Debug|Any CPU.Build.0 = Debug|Any CPU
		{5E3FED6F-EA8F-4D91-8194-C237952ED46F}.Release|Any CPU.ActiveCfg = Release|Any CPU
		{5E3FED6F-EA8F-4D91-8194-C237952ED46F}.Release|Any CPU.Build.0 = Release|Any CPU
		{51B9427C-1E2A-4670-8A2B-B9224D700A59}.Debug|Any CPU.ActiveCfg = Debug|Any CPU
		{51B9427C-1E2A-4670-8A2B-B9224D700A59}.Debug|Any CPU.Build.0 = Debug|Any CPU
		{51B9427C-1E2A-4670-8A2B-B9224D700A59}.Release|Any CPU.ActiveCfg = Release|Any CPU
		{51B9427C-1E2A-4670-8A2B-B9224D700A59}.Release|Any CPU.Build.0 = Release|Any CPU
		{47EC6DB5-DE17-47A0-B7FA-789B9E928770}.Debug|Any CPU.ActiveCfg = Debug|Any CPU
		{47EC6DB5-DE17-47A0-B7FA-789B9E928770}.Debug|Any CPU.Build.0 = Debug|Any CPU
		{47EC6DB5-DE17-47A0-B7FA-789B9E928770}.Release|Any CPU.ActiveCfg = Release|Any CPU
		{47EC6DB5-DE17-47A0-B7FA-789B9E928770}.Release|Any CPU.Build.0 = Release|Any CPU
		{7F44AB30-1E46-4A6C-8359-6A6B35E6764D}.Debug|Any CPU.ActiveCfg = Debug|Any CPU
		{7F44AB30-1E46-4A6C-8359-6A6B35E6764D}.Debug|Any CPU.Build.0 = Debug|Any CPU
		{7F44AB30-1E46-4A6C-8359-6A6B35E6764D}.Release|Any CPU.ActiveCfg = Release|Any CPU
		{7F44AB30-1E46-4A6C-8359-6A6B35E6764D}.Release|Any CPU.Build.0 = Release|Any CPU
	EndGlobalSection
	GlobalSection(SolutionProperties) = preSolution
		HideSolutionNode = FALSE
	EndGlobalSection
	GlobalSection(ExtensibilityGlobals) = postSolution
		SolutionGuid = {571C00A3-8E97-4596-A91A-A90E76B571DC}
	EndGlobalSection
EndGlobal
